// !$*UTF8*$!
{
	archiveVersion = 1;
	classes = {
	};
	objectVersion = 50;
	objects = {

/* Begin PBXBuildFile section */
		843BB60725E4162900D1EB02 /* AppDelegate.swift in Sources */ = {isa = PBXBuildFile; fileRef = 843BB60625E4162900D1EB02 /* AppDelegate.swift */; };
		843BB60925E4162900D1EB02 /* SceneDelegate.swift in Sources */ = {isa = PBXBuildFile; fileRef = 843BB60825E4162900D1EB02 /* SceneDelegate.swift */; };
		843BB60B25E4162900D1EB02 /* ForecastViewController.swift in Sources */ = {isa = PBXBuildFile; fileRef = 843BB60A25E4162900D1EB02 /* ForecastViewController.swift */; };
		843BB60E25E4162900D1EB02 /* Main.storyboard in Resources */ = {isa = PBXBuildFile; fileRef = 843BB60C25E4162900D1EB02 /* Main.storyboard */; };
		843BB61025E4162A00D1EB02 /* Assets.xcassets in Resources */ = {isa = PBXBuildFile; fileRef = 843BB60F25E4162A00D1EB02 /* Assets.xcassets */; };
		843BB61325E4162A00D1EB02 /* LaunchScreen.storyboard in Resources */ = {isa = PBXBuildFile; fileRef = 843BB61125E4162A00D1EB02 /* LaunchScreen.storyboard */; };
		843BB61E25E4162A00D1EB02 /* weatherappTests.swift in Sources */ = {isa = PBXBuildFile; fileRef = 843BB61D25E4162A00D1EB02 /* weatherappTests.swift */; };
		843BB62925E4162A00D1EB02 /* weatherappUITests.swift in Sources */ = {isa = PBXBuildFile; fileRef = 843BB62825E4162A00D1EB02 /* weatherappUITests.swift */; };
		843BB64125E41A2400D1EB02 /* Constants.swift in Sources */ = {isa = PBXBuildFile; fileRef = 843BB64025E41A2400D1EB02 /* Constants.swift */; };
		843BB64925E41B3600D1EB02 /* ApiClient.swift in Sources */ = {isa = PBXBuildFile; fileRef = 843BB64825E41B3600D1EB02 /* ApiClient.swift */; };
		843BB65125E41B6200D1EB02 /* ForecastViewModel.swift in Sources */ = {isa = PBXBuildFile; fileRef = 843BB65025E41B6200D1EB02 /* ForecastViewModel.swift */; };
		843BB65625E41BFE00D1EB02 /* ForecastStruct.swift in Sources */ = {isa = PBXBuildFile; fileRef = 843BB65525E41BFE00D1EB02 /* ForecastStruct.swift */; };
		843BB69125E4300700D1EB02 /* SearchViewController.swift in Sources */ = {isa = PBXBuildFile; fileRef = 843BB69025E4300700D1EB02 /* SearchViewController.swift */; };
		843BB69625E4303F00D1EB02 /* DetailViewController.swift in Sources */ = {isa = PBXBuildFile; fileRef = 843BB69525E4303F00D1EB02 /* DetailViewController.swift */; };
		843BB69B25E4353800D1EB02 /* ForecastTableviewCell.swift in Sources */ = {isa = PBXBuildFile; fileRef = 843BB69A25E4353800D1EB02 /* ForecastTableviewCell.swift */; };
		843BB6A325E4431E00D1EB02 /* SearchSuccess.Json in Resources */ = {isa = PBXBuildFile; fileRef = 843BB6A225E4431E00D1EB02 /* SearchSuccess.Json */; };
/* End PBXBuildFile section */

/* Begin PBXContainerItemProxy section */
		843BB61A25E4162A00D1EB02 /* PBXContainerItemProxy */ = {
			isa = PBXContainerItemProxy;
			containerPortal = 843BB5FB25E4162900D1EB02 /* Project object */;
			proxyType = 1;
			remoteGlobalIDString = 843BB60225E4162900D1EB02;
			remoteInfo = weatherapp;
		};
		843BB62525E4162A00D1EB02 /* PBXContainerItemProxy */ = {
			isa = PBXContainerItemProxy;
			containerPortal = 843BB5FB25E4162900D1EB02 /* Project object */;
			proxyType = 1;
			remoteGlobalIDString = 843BB60225E4162900D1EB02;
			remoteInfo = weatherapp;
		};
/* End PBXContainerItemProxy section */

/* Begin PBXFileReference section */
		843BB60325E4162900D1EB02 /* weatherapp.app */ = {isa = PBXFileReference; explicitFileType = wrapper.application; includeInIndex = 0; path = weatherapp.app; sourceTree = BUILT_PRODUCTS_DIR; };
		843BB60625E4162900D1EB02 /* AppDelegate.swift */ = {isa = PBXFileReference; lastKnownFileType = sourcecode.swift; path = AppDelegate.swift; sourceTree = "<group>"; };
		843BB60825E4162900D1EB02 /* SceneDelegate.swift */ = {isa = PBXFileReference; lastKnownFileType = sourcecode.swift; path = SceneDelegate.swift; sourceTree = "<group>"; };
		843BB60A25E4162900D1EB02 /* ForecastViewController.swift */ = {isa = PBXFileReference; lastKnownFileType = sourcecode.swift; path = ForecastViewController.swift; sourceTree = "<group>"; };
		843BB60D25E4162900D1EB02 /* Base */ = {isa = PBXFileReference; lastKnownFileType = file.storyboard; name = Base; path = Base.lproj/Main.storyboard; sourceTree = "<group>"; };
		843BB60F25E4162A00D1EB02 /* Assets.xcassets */ = {isa = PBXFileReference; lastKnownFileType = folder.assetcatalog; path = Assets.xcassets; sourceTree = "<group>"; };
		843BB61225E4162A00D1EB02 /* Base */ = {isa = PBXFileReference; lastKnownFileType = file.storyboard; name = Base; path = Base.lproj/LaunchScreen.storyboard; sourceTree = "<group>"; };
		843BB61425E4162A00D1EB02 /* Info.plist */ = {isa = PBXFileReference; lastKnownFileType = text.plist.xml; path = Info.plist; sourceTree = "<group>"; };
		843BB61925E4162A00D1EB02 /* weatherappTests.xctest */ = {isa = PBXFileReference; explicitFileType = wrapper.cfbundle; includeInIndex = 0; path = weatherappTests.xctest; sourceTree = BUILT_PRODUCTS_DIR; };
		843BB61D25E4162A00D1EB02 /* weatherappTests.swift */ = {isa = PBXFileReference; lastKnownFileType = sourcecode.swift; path = weatherappTests.swift; sourceTree = "<group>"; };
		843BB61F25E4162A00D1EB02 /* Info.plist */ = {isa = PBXFileReference; lastKnownFileType = text.plist.xml; path = Info.plist; sourceTree = "<group>"; };
		843BB62425E4162A00D1EB02 /* weatherappUITests.xctest */ = {isa = PBXFileReference; explicitFileType = wrapper.cfbundle; includeInIndex = 0; path = weatherappUITests.xctest; sourceTree = BUILT_PRODUCTS_DIR; };
		843BB62825E4162A00D1EB02 /* weatherappUITests.swift */ = {isa = PBXFileReference; lastKnownFileType = sourcecode.swift; path = weatherappUITests.swift; sourceTree = "<group>"; };
		843BB62A25E4162A00D1EB02 /* Info.plist */ = {isa = PBXFileReference; lastKnownFileType = text.plist.xml; path = Info.plist; sourceTree = "<group>"; };
		843BB64025E41A2400D1EB02 /* Constants.swift */ = {isa = PBXFileReference; lastKnownFileType = sourcecode.swift; path = Constants.swift; sourceTree = "<group>"; };
		843BB64825E41B3600D1EB02 /* ApiClient.swift */ = {isa = PBXFileReference; lastKnownFileType = sourcecode.swift; path = ApiClient.swift; sourceTree = "<group>"; };
		843BB65025E41B6200D1EB02 /* ForecastViewModel.swift */ = {isa = PBXFileReference; lastKnownFileType = sourcecode.swift; path = ForecastViewModel.swift; sourceTree = "<group>"; };
		843BB65525E41BFE00D1EB02 /* ForecastStruct.swift */ = {isa = PBXFileReference; lastKnownFileType = sourcecode.swift; path = ForecastStruct.swift; sourceTree = "<group>"; };
		843BB69025E4300700D1EB02 /* SearchViewController.swift */ = {isa = PBXFileReference; lastKnownFileType = sourcecode.swift; path = SearchViewController.swift; sourceTree = "<group>"; };
		843BB69525E4303F00D1EB02 /* DetailViewController.swift */ = {isa = PBXFileReference; lastKnownFileType = sourcecode.swift; path = DetailViewController.swift; sourceTree = "<group>"; };
		843BB69A25E4353800D1EB02 /* ForecastTableviewCell.swift */ = {isa = PBXFileReference; lastKnownFileType = sourcecode.swift; path = ForecastTableviewCell.swift; sourceTree = "<group>"; };
		843BB6A225E4431E00D1EB02 /* SearchSuccess.Json */ = {isa = PBXFileReference; lastKnownFileType = text.json; path = SearchSuccess.Json; sourceTree = "<group>"; };
/* End PBXFileReference section */

/* Begin PBXFrameworksBuildPhase section */
		843BB60025E4162900D1EB02 /* Frameworks */ = {
			isa = PBXFrameworksBuildPhase;
			buildActionMask = 2147483647;
			files = (
			);
			runOnlyForDeploymentPostprocessing = 0;
		};
		843BB61625E4162A00D1EB02 /* Frameworks */ = {
			isa = PBXFrameworksBuildPhase;
			buildActionMask = 2147483647;
			files = (
			);
			runOnlyForDeploymentPostprocessing = 0;
		};
		843BB62125E4162A00D1EB02 /* Frameworks */ = {
			isa = PBXFrameworksBuildPhase;
			buildActionMask = 2147483647;
			files = (
			);
			runOnlyForDeploymentPostprocessing = 0;
		};
/* End PBXFrameworksBuildPhase section */

/* Begin PBXGroup section */
		843BB5FA25E4162900D1EB02 = {
			isa = PBXGroup;
			children = (
				843BB60525E4162900D1EB02 /* weatherapp */,
				843BB61C25E4162A00D1EB02 /* weatherappTests */,
				843BB62725E4162A00D1EB02 /* weatherappUITests */,
				843BB60425E4162900D1EB02 /* Products */,
			);
			sourceTree = "<group>";
		};
		843BB60425E4162900D1EB02 /* Products */ = {
			isa = PBXGroup;
			children = (
				843BB60325E4162900D1EB02 /* weatherapp.app */,
				843BB61925E4162A00D1EB02 /* weatherappTests.xctest */,
				843BB62425E4162A00D1EB02 /* weatherappUITests.xctest */,
			);
			name = Products;
			sourceTree = "<group>";
		};
		843BB60525E4162900D1EB02 /* weatherapp */ = {
			isa = PBXGroup;
			children = (
				843BB63B25E419D300D1EB02 /* Model */,
				843BB63925E419B700D1EB02 /* Utility */,
				843BB63C25E419DB00D1EB02 /* Network */,
				843BB63E25E419F300D1EB02 /* ViewModel */,
				843BB63F25E419FE00D1EB02 /* View */,
				843BB60625E4162900D1EB02 /* AppDelegate.swift */,
				843BB60825E4162900D1EB02 /* SceneDelegate.swift */,
				843BB60C25E4162900D1EB02 /* Main.storyboard */,
				843BB60F25E4162A00D1EB02 /* Assets.xcassets */,
				843BB61125E4162A00D1EB02 /* LaunchScreen.storyboard */,
				843BB61425E4162A00D1EB02 /* Info.plist */,
				843BB6A225E4431E00D1EB02 /* SearchSuccess.Json */,
			);
			path = weatherapp;
			sourceTree = "<group>";
		};
		843BB61C25E4162A00D1EB02 /* weatherappTests */ = {
			isa = PBXGroup;
			children = (
				843BB61D25E4162A00D1EB02 /* weatherappTests.swift */,
				843BB61F25E4162A00D1EB02 /* Info.plist */,
			);
			path = weatherappTests;
			sourceTree = "<group>";
		};
		843BB62725E4162A00D1EB02 /* weatherappUITests */ = {
			isa = PBXGroup;
			children = (
				843BB62825E4162A00D1EB02 /* weatherappUITests.swift */,
				843BB62A25E4162A00D1EB02 /* Info.plist */,
			);
			path = weatherappUITests;
			sourceTree = "<group>";
		};
		843BB63925E419B700D1EB02 /* Utility */ = {
			isa = PBXGroup;
			children = (
				843BB64025E41A2400D1EB02 /* Constants.swift */,
			);
			path = Utility;
			sourceTree = "<group>";
		};
		843BB63B25E419D300D1EB02 /* Model */ = {
			isa = PBXGroup;
			children = (
				843BB65525E41BFE00D1EB02 /* ForecastStruct.swift */,
			);
			path = Model;
			sourceTree = "<group>";
		};
		843BB63C25E419DB00D1EB02 /* Network */ = {
			isa = PBXGroup;
			children = (
				843BB64825E41B3600D1EB02 /* ApiClient.swift */,
			);
			path = Network;
			sourceTree = "<group>";
		};
		843BB63E25E419F300D1EB02 /* ViewModel */ = {
			isa = PBXGroup;
			children = (
				843BB65025E41B6200D1EB02 /* ForecastViewModel.swift */,
			);
			path = ViewModel;
			sourceTree = "<group>";
		};
		843BB63F25E419FE00D1EB02 /* View */ = {
			isa = PBXGroup;
			children = (
				843BB60A25E4162900D1EB02 /* ForecastViewController.swift */,
				843BB69025E4300700D1EB02 /* SearchViewController.swift */,
				843BB69525E4303F00D1EB02 /* DetailViewController.swift */,
				843BB69A25E4353800D1EB02 /* ForecastTableviewCell.swift */,
			);
			path = View;
			sourceTree = "<group>";
		};
/* End PBXGroup section */

/* Begin PBXNativeTarget section */
		843BB60225E4162900D1EB02 /* weatherapp */ = {
			isa = PBXNativeTarget;
			buildConfigurationList = 843BB62D25E4162A00D1EB02 /* Build configuration list for PBXNativeTarget "weatherapp" */;
			buildPhases = (
				843BB5FF25E4162900D1EB02 /* Sources */,
				843BB60025E4162900D1EB02 /* Frameworks */,
				843BB60125E4162900D1EB02 /* Resources */,
			);
			buildRules = (
			);
			dependencies = (
			);
			name = weatherapp;
			productName = weatherapp;
			productReference = 843BB60325E4162900D1EB02 /* weatherapp.app */;
			productType = "com.apple.product-type.application";
		};
		843BB61825E4162A00D1EB02 /* weatherappTests */ = {
			isa = PBXNativeTarget;
			buildConfigurationList = 843BB63025E4162A00D1EB02 /* Build configuration list for PBXNativeTarget "weatherappTests" */;
			buildPhases = (
				843BB61525E4162A00D1EB02 /* Sources */,
				843BB61625E4162A00D1EB02 /* Frameworks */,
				843BB61725E4162A00D1EB02 /* Resources */,
			);
			buildRules = (
			);
			dependencies = (
				843BB61B25E4162A00D1EB02 /* PBXTargetDependency */,
			);
			name = weatherappTests;
			productName = weatherappTests;
			productReference = 843BB61925E4162A00D1EB02 /* weatherappTests.xctest */;
			productType = "com.apple.product-type.bundle.unit-test";
		};
		843BB62325E4162A00D1EB02 /* weatherappUITests */ = {
			isa = PBXNativeTarget;
			buildConfigurationList = 843BB63325E4162A00D1EB02 /* Build configuration list for PBXNativeTarget "weatherappUITests" */;
			buildPhases = (
				843BB62025E4162A00D1EB02 /* Sources */,
				843BB62125E4162A00D1EB02 /* Frameworks */,
				843BB62225E4162A00D1EB02 /* Resources */,
			);
			buildRules = (
			);
			dependencies = (
				843BB62625E4162A00D1EB02 /* PBXTargetDependency */,
			);
			name = weatherappUITests;
			productName = weatherappUITests;
			productReference = 843BB62425E4162A00D1EB02 /* weatherappUITests.xctest */;
			productType = "com.apple.product-type.bundle.ui-testing";
		};
/* End PBXNativeTarget section */

/* Begin PBXProject section */
		843BB5FB25E4162900D1EB02 /* Project object */ = {
			isa = PBXProject;
			attributes = {
				LastSwiftUpdateCheck = 1240;
				LastUpgradeCheck = 1240;
				TargetAttributes = {
					843BB60225E4162900D1EB02 = {
						CreatedOnToolsVersion = 12.4;
					};
					843BB61825E4162A00D1EB02 = {
						CreatedOnToolsVersion = 12.4;
						TestTargetID = 843BB60225E4162900D1EB02;
					};
					843BB62325E4162A00D1EB02 = {
						CreatedOnToolsVersion = 12.4;
						TestTargetID = 843BB60225E4162900D1EB02;
					};
				};
			};
			buildConfigurationList = 843BB5FE25E4162900D1EB02 /* Build configuration list for PBXProject "weatherapp" */;
			compatibilityVersion = "Xcode 9.3";
			developmentRegion = en;
			hasScannedForEncodings = 0;
			knownRegions = (
				en,
				Base,
			);
			mainGroup = 843BB5FA25E4162900D1EB02;
			productRefGroup = 843BB60425E4162900D1EB02 /* Products */;
			projectDirPath = "";
			projectRoot = "";
			targets = (
				843BB60225E4162900D1EB02 /* weatherapp */,
				843BB61825E4162A00D1EB02 /* weatherappTests */,
				843BB62325E4162A00D1EB02 /* weatherappUITests */,
			);
		};
/* End PBXProject section */

/* Begin PBXResourcesBuildPhase section */
		843BB60125E4162900D1EB02 /* Resources */ = {
			isa = PBXResourcesBuildPhase;
			buildActionMask = 2147483647;
			files = (
				843BB61325E4162A00D1EB02 /* LaunchScreen.storyboard in Resources */,
				843BB6A325E4431E00D1EB02 /* SearchSuccess.Json in Resources */,
				843BB61025E4162A00D1EB02 /* Assets.xcassets in Resources */,
				843BB60E25E4162900D1EB02 /* Main.storyboard in Resources */,
			);
			runOnlyForDeploymentPostprocessing = 0;
		};
		843BB61725E4162A00D1EB02 /* Resources */ = {
			isa = PBXResourcesBuildPhase;
			buildActionMask = 2147483647;
			files = (
			);
			runOnlyForDeploymentPostprocessing = 0;
		};
		843BB62225E4162A00D1EB02 /* Resources */ = {
			isa = PBXResourcesBuildPhase;
			buildActionMask = 2147483647;
			files = (
			);
			runOnlyForDeploymentPostprocessing = 0;
		};
/* End PBXResourcesBuildPhase section */

/* Begin PBXSourcesBuildPhase section */
		843BB5FF25E4162900D1EB02 /* Sources */ = {
			isa = PBXSourcesBuildPhase;
			buildActionMask = 2147483647;
			files = (
				843BB69625E4303F00D1EB02 /* DetailViewController.swift in Sources */,
				843BB60B25E4162900D1EB02 /* ForecastViewController.swift in Sources */,
				843BB69B25E4353800D1EB02 /* ForecastTableviewCell.swift in Sources */,
				843BB60725E4162900D1EB02 /* AppDelegate.swift in Sources */,
				843BB69125E4300700D1EB02 /* SearchViewController.swift in Sources */,
				843BB60925E4162900D1EB02 /* SceneDelegate.swift in Sources */,
				843BB65125E41B6200D1EB02 /* ForecastViewModel.swift in Sources */,
				843BB65625E41BFE00D1EB02 /* ForecastStruct.swift in Sources */,
				843BB64125E41A2400D1EB02 /* Constants.swift in Sources */,
				843BB64925E41B3600D1EB02 /* ApiClient.swift in Sources */,
			);
			runOnlyForDeploymentPostprocessing = 0;
		};
		843BB61525E4162A00D1EB02 /* Sources */ = {
			isa = PBXSourcesBuildPhase;
			buildActionMask = 2147483647;
			files = (
				843BB61E25E4162A00D1EB02 /* weatherappTests.swift in Sources */,
			);
			runOnlyForDeploymentPostprocessing = 0;
		};
		843BB62025E4162A00D1EB02 /* Sources */ = {
			isa = PBXSourcesBuildPhase;
			buildActionMask = 2147483647;
			files = (
				843BB62925E4162A00D1EB02 /* weatherappUITests.swift in Sources */,
			);
			runOnlyForDeploymentPostprocessing = 0;
		};
/* End PBXSourcesBuildPhase section */

/* Begin PBXTargetDependency section */
		843BB61B25E4162A00D1EB02 /* PBXTargetDependency */ = {
			isa = PBXTargetDependency;
			target = 843BB60225E4162900D1EB02 /* weatherapp */;
			targetProxy = 843BB61A25E4162A00D1EB02 /* PBXContainerItemProxy */;
		};
		843BB62625E4162A00D1EB02 /* PBXTargetDependency */ = {
			isa = PBXTargetDependency;
			target = 843BB60225E4162900D1EB02 /* weatherapp */;
			targetProxy = 843BB62525E4162A00D1EB02 /* PBXContainerItemProxy */;
		};
/* End PBXTargetDependency section */

/* Begin PBXVariantGroup section */
		843BB60C25E4162900D1EB02 /* Main.storyboard */ = {
			isa = PBXVariantGroup;
			children = (
				843BB60D25E4162900D1EB02 /* Base */,
			);
			name = Main.storyboard;
			sourceTree = "<group>";
		};
		843BB61125E4162A00D1EB02 /* LaunchScreen.storyboard */ = {
			isa = PBXVariantGroup;
			children = (
				843BB61225E4162A00D1EB02 /* Base */,
			);
			name = LaunchScreen.storyboard;
			sourceTree = "<group>";
		};
/* End PBXVariantGroup section */

/* Begin XCBuildConfiguration section */
		843BB62B25E4162A00D1EB02 /* Debug */ = {
			isa = XCBuildConfiguration;
			buildSettings = {
				ALWAYS_SEARCH_USER_PATHS = NO;
				CLANG_ANALYZER_NONNULL = YES;
				CLANG_ANALYZER_NUMBER_OBJECT_CONVERSION = YES_AGGRESSIVE;
				CLANG_CXX_LANGUAGE_STANDARD = "gnu++14";
				CLANG_CXX_LIBRARY = "libc++";
				CLANG_ENABLE_MODULES = YES;
				CLANG_ENABLE_OBJC_ARC = YES;
				CLANG_ENABLE_OBJC_WEAK = YES;
				CLANG_WARN_BLOCK_CAPTURE_AUTORELEASING = YES;
				CLANG_WARN_BOOL_CONVERSION = YES;
				CLANG_WARN_COMMA = YES;
				CLANG_WARN_CONSTANT_CONVERSION = YES;
				CLANG_WARN_DEPRECATED_OBJC_IMPLEMENTATIONS = YES;
				CLANG_WARN_DIRECT_OBJC_ISA_USAGE = YES_ERROR;
				CLANG_WARN_DOCUMENTATION_COMMENTS = YES;
				CLANG_WARN_EMPTY_BODY = YES;
				CLANG_WARN_ENUM_CONVERSION = YES;
				CLANG_WARN_INFINITE_RECURSION = YES;
				CLANG_WARN_INT_CONVERSION = YES;
				CLANG_WARN_NON_LITERAL_NULL_CONVERSION = YES;
				CLANG_WARN_OBJC_IMPLICIT_RETAIN_SELF = YES;
				CLANG_WARN_OBJC_LITERAL_CONVERSION = YES;
				CLANG_WARN_OBJC_ROOT_CLASS = YES_ERROR;
				CLANG_WARN_QUOTED_INCLUDE_IN_FRAMEWORK_HEADER = YES;
				CLANG_WARN_RANGE_LOOP_ANALYSIS = YES;
				CLANG_WARN_STRICT_PROTOTYPES = YES;
				CLANG_WARN_SUSPICIOUS_MOVE = YES;
				CLANG_WARN_UNGUARDED_AVAILABILITY = YES_AGGRESSIVE;
				CLANG_WARN_UNREACHABLE_CODE = YES;
				CLANG_WARN__DUPLICATE_METHOD_MATCH = YES;
				COPY_PHASE_STRIP = NO;
				DEBUG_INFORMATION_FORMAT = dwarf;
				ENABLE_STRICT_OBJC_MSGSEND = YES;
				ENABLE_TESTABILITY = YES;
				GCC_C_LANGUAGE_STANDARD = gnu11;
				GCC_DYNAMIC_NO_PIC = NO;
				GCC_NO_COMMON_BLOCKS = YES;
				GCC_OPTIMIZATION_LEVEL = 0;
				GCC_PREPROCESSOR_DEFINITIONS = (
					"DEBUG=1",
					"$(inherited)",
				);
				GCC_WARN_64_TO_32_BIT_CONVERSION = YES;
				GCC_WARN_ABOUT_RETURN_TYPE = YES_ERROR;
				GCC_WARN_UNDECLARED_SELECTOR = YES;
				GCC_WARN_UNINITIALIZED_AUTOS = YES_AGGRESSIVE;
				GCC_WARN_UNUSED_FUNCTION = YES;
				GCC_WARN_UNUSED_VARIABLE = YES;
				IPHONEOS_DEPLOYMENT_TARGET = 14.4;
				MTL_ENABLE_DEBUG_INFO = INCLUDE_SOURCE;
				MTL_FAST_MATH = YES;
				ONLY_ACTIVE_ARCH = YES;
				SDKROOT = iphoneos;
				SWIFT_ACTIVE_COMPILATION_CONDITIONS = DEBUG;
				SWIFT_OPTIMIZATION_LEVEL = "-Onone";
			};
			name = Debug;
		};
		843BB62C25E4162A00D1EB02 /* Release */ = {
			isa = XCBuildConfiguration;
			buildSettings = {
				ALWAYS_SEARCH_USER_PATHS = NO;
				CLANG_ANALYZER_NONNULL = YES;
				CLANG_ANALYZER_NUMBER_OBJECT_CONVERSION = YES_AGGRESSIVE;
				CLANG_CXX_LANGUAGE_STANDARD = "gnu++14";
				CLANG_CXX_LIBRARY = "libc++";
				CLANG_ENABLE_MODULES = YES;
				CLANG_ENABLE_OBJC_ARC = YES;
				CLANG_ENABLE_OBJC_WEAK = YES;
				CLANG_WARN_BLOCK_CAPTURE_AUTORELEASING = YES;
				CLANG_WARN_BOOL_CONVERSION = YES;
				CLANG_WARN_COMMA = YES;
				CLANG_WARN_CONSTANT_CONVERSION = YES;
				CLANG_WARN_DEPRECATED_OBJC_IMPLEMENTATIONS = YES;
				CLANG_WARN_DIRECT_OBJC_ISA_USAGE = YES_ERROR;
				CLANG_WARN_DOCUMENTATION_COMMENTS = YES;
				CLANG_WARN_EMPTY_BODY = YES;
				CLANG_WARN_ENUM_CONVERSION = YES;
				CLANG_WARN_INFINITE_RECURSION = YES;
				CLANG_WARN_INT_CONVERSION = YES;
				CLANG_WARN_NON_LITERAL_NULL_CONVERSION = YES;
				CLANG_WARN_OBJC_IMPLICIT_RETAIN_SELF = YES;
				CLANG_WARN_OBJC_LITERAL_CONVERSION = YES;
				CLANG_WARN_OBJC_ROOT_CLASS = YES_ERROR;
				CLANG_WARN_QUOTED_INCLUDE_IN_FRAMEWORK_HEADER = YES;
				CLANG_WARN_RANGE_LOOP_ANALYSIS = YES;
				CLANG_WARN_STRICT_PROTOTYPES = YES;
				CLANG_WARN_SUSPICIOUS_MOVE = YES;
				CLANG_WARN_UNGUARDED_AVAILABILITY = YES_AGGRESSIVE;
				CLANG_WARN_UNREACHABLE_CODE = YES;
				CLANG_WARN__DUPLICATE_METHOD_MATCH = YES;
				COPY_PHASE_STRIP = NO;
				DEBUG_INFORMATION_FORMAT = "dwarf-with-dsym";
				ENABLE_NS_ASSERTIONS = NO;
				ENABLE_STRICT_OBJC_MSGSEND = YES;
				GCC_C_LANGUAGE_STANDARD = gnu11;
				GCC_NO_COMMON_BLOCKS = YES;
				GCC_WARN_64_TO_32_BIT_CONVERSION = YES;
				GCC_WARN_ABOUT_RETURN_TYPE = YES_ERROR;
				GCC_WARN_UNDECLARED_SELECTOR = YES;
				GCC_WARN_UNINITIALIZED_AUTOS = YES_AGGRESSIVE;
				GCC_WARN_UNUSED_FUNCTION = YES;
				GCC_WARN_UNUSED_VARIABLE = YES;
				IPHONEOS_DEPLOYMENT_TARGET = 14.4;
				MTL_ENABLE_DEBUG_INFO = NO;
				MTL_FAST_MATH = YES;
				SDKROOT = iphoneos;
				SWIFT_COMPILATION_MODE = wholemodule;
				SWIFT_OPTIMIZATION_LEVEL = "-O";
				VALIDATE_PRODUCT = YES;
			};
			name = Release;
		};
		843BB62E25E4162A00D1EB02 /* Debug */ = {
			isa = XCBuildConfiguration;
			buildSettings = {
				ASSETCATALOG_COMPILER_APPICON_NAME = AppIcon;
				ASSETCATALOG_COMPILER_GLOBAL_ACCENT_COLOR_NAME = AccentColor;
				CODE_SIGN_STYLE = Automatic;
				DEVELOPMENT_TEAM = STC4XW93GM;
				INFOPLIST_FILE = weatherapp/Info.plist;
				LD_RUNPATH_SEARCH_PATHS = (
					"$(inherited)",
					"@executable_path/Frameworks",
				);
				PRODUCT_BUNDLE_IDENTIFIER = com.venkatagovadrhangoli.weatherapp;
				PRODUCT_NAME = "$(TARGET_NAME)";
				SWIFT_VERSION = 5.0;
				TARGETED_DEVICE_FAMILY = "1,2";
			};
			name = Debug;
		};
		843BB62F25E4162A00D1EB02 /* Release */ = {
			isa = XCBuildConfiguration;
			buildSettings = {
				ASSETCATALOG_COMPILER_APPICON_NAME = AppIcon;
				ASSETCATALOG_COMPILER_GLOBAL_ACCENT_COLOR_NAME = AccentColor;
				CODE_SIGN_STYLE = Automatic;
				DEVELOPMENT_TEAM = STC4XW93GM;
				INFOPLIST_FILE = weatherapp/Info.plist;
				LD_RUNPATH_SEARCH_PATHS = (
					"$(inherited)",
					"@executable_path/Frameworks",
				);
				PRODUCT_BUNDLE_IDENTIFIER = com.venkatagovadrhangoli.weatherapp;
				PRODUCT_NAME = "$(TARGET_NAME)";
				SWIFT_VERSION = 5.0;
				TARGETED_DEVICE_FAMILY = "1,2";
			};
			name = Release;
		};
		843BB63125E4162A00D1EB02 /* Debug */ = {
			isa = XCBuildConfiguration;
			buildSettings = {
				ALWAYS_EMBED_SWIFT_STANDARD_LIBRARIES = YES;
				BUNDLE_LOADER = "$(TEST_HOST)";
				CODE_SIGN_STYLE = Automatic;
				DEVELOPMENT_TEAM = STC4XW93GM;
				INFOPLIST_FILE = weatherappTests/Info.plist;
				IPHONEOS_DEPLOYMENT_TARGET = 14.4;
				LD_RUNPATH_SEARCH_PATHS = (
					"$(inherited)",
					"@executable_path/Frameworks",
					"@loader_path/Frameworks",
				);
				PRODUCT_BUNDLE_IDENTIFIER = com.venkatagovadrhangoli.weatherappTests;
				PRODUCT_NAME = "$(TARGET_NAME)";
				SWIFT_VERSION = 5.0;
				TARGETED_DEVICE_FAMILY = "1,2";
				TEST_HOST = "$(BUILT_PRODUCTS_DIR)/weatherapp.app/weatherapp";
			};
			name = Debug;
		};
		843BB63225E4162A00D1EB02 /* Release */ = {
			isa = XCBuildConfiguration;
			buildSettings = {
				ALWAYS_EMBED_SWIFT_STANDARD_LIBRARIES = YES;
				BUNDLE_LOADER = "$(TEST_HOST)";
				CODE_SIGN_STYLE = Automatic;
				DEVELOPMENT_TEAM = STC4XW93GM;
				INFOPLIST_FILE = weatherappTests/Info.plist;
				IPHONEOS_DEPLOYMENT_TARGET = 14.4;
				LD_RUNPATH_SEARCH_PATHS = (
					"$(inherited)",
					"@executable_path/Frameworks",
					"@loader_path/Frameworks",
				);
				PRODUCT_BUNDLE_IDENTIFIER = com.venkatagovadrhangoli.weatherappTests;
				PRODUCT_NAME = "$(TARGET_NAME)";
				SWIFT_VERSION = 5.0;
				TARGETED_DEVICE_FAMILY = "1,2";
				TEST_HOST = "$(BUILT_PRODUCTS_DIR)/weatherapp.app/weatherapp";
			};
			name = Release;
		};
		843BB63425E4162A00D1EB02 /* Debug */ = {
			isa = XCBuildConfiguration;
			buildSettings = {
				ALWAYS_EMBED_SWIFT_STANDARD_LIBRARIES = YES;
				CODE_SIGN_STYLE = Automatic;
				DEVELOPMENT_TEAM = STC4XW93GM;
				INFOPLIST_FILE = weatherappUITests/Info.plist;
				LD_RUNPATH_SEARCH_PATHS = (
					"$(inherited)",
					"@executable_path/Frameworks",
					"@loader_path/Frameworks",
				);
				PRODUCT_BUNDLE_IDENTIFIER = com.venkatagovadrhangoli.weatherappUITests;
				PRODUCT_NAME = "$(TARGET_NAME)";
				SWIFT_VERSION = 5.0;
				TARGETED_DEVICE_FAMILY = "1,2";
				TEST_TARGET_NAME = weatherapp;
			};
			name = Debug;
		};
		843BB63525E4162A00D1EB02 /* Release */ = {
			isa = XCBuildConfiguration;
			buildSettings = {
				ALWAYS_EMBED_SWIFT_STANDARD_LIBRARIES = YES;
				CODE_SIGN_STYLE = Automatic;
				DEVELOPMENT_TEAM = STC4XW93GM;
				INFOPLIST_FILE = weatherappUITests/Info.plist;
				LD_RUNPATH_SEARCH_PATHS = (
					"$(inherited)",
					"@executable_path/Frameworks",
					"@loader_path/Frameworks",
				);
				PRODUCT_BUNDLE_IDENTIFIER = com.venkatagovadrhangoli.weatherappUITests;
				PRODUCT_NAME = "$(TARGET_NAME)";
				SWIFT_VERSION = 5.0;
				TARGETED_DEVICE_FAMILY = "1,2";
				TEST_TARGET_NAME = weatherapp;
			};
			name = Release;
		};
/* End XCBuildConfiguration section */

/* Begin XCConfigurationList section */
		843BB5FE25E4162900D1EB02 /* Build configuration list for PBXProject "weatherapp" */ = {
			isa = XCConfigurationList;
			buildConfigurations = (
				843BB62B25E4162A00D1EB02 /* Debug */,
				843BB62C25E4162A00D1EB02 /* Release */,
			);
			defaultConfigurationIsVisible = 0;
			defaultConfigurationName = Release;
		};
		843BB62D25E4162A00D1EB02 /* Build configuration list for PBXNativeTarget "weatherapp" */ = {
			isa = XCConfigurationList;
			buildConfigurations = (
				843BB62E25E4162A00D1EB02 /* Debug */,
				843BB62F25E4162A00D1EB02 /* Release */,
			);
			defaultConfigurationIsVisible = 0;
			defaultConfigurationName = Release;
		};
		843BB63025E4162A00D1EB02 /* Build configuration list for PBXNativeTarget "weatherappTests" */ = {
			isa = XCConfigurationList;
			buildConfigurations = (
				843BB63125E4162A00D1EB02 /* Debug */,
				843BB63225E4162A00D1EB02 /* Release */,
			);
			defaultConfigurationIsVisible = 0;
			defaultConfigurationName = Release;
		};
		843BB63325E4162A00D1EB02 /* Build configuration list for PBXNativeTarget "weatherappUITests" */ = {
			isa = XCConfigurationList;
			buildConfigurations = (
				843BB63425E4162A00D1EB02 /* Debug */,
				843BB63525E4162A00D1EB02 /* Release */,
			);
			defaultConfigurationIsVisible = 0;
			defaultConfigurationName = Release;
		};
/* End XCConfigurationList section */
	};
	rootObject = 843BB5FB25E4162900D1EB02 /* Project object */;
}
